
Microsoft Visual Studio Solution File, Format Version 12.00
# Visual Studio Version 17
VisualStudioVersion = 17.4.33213.308
MinimumVisualStudioVersion = 10.0.40219.1
Project("{FAE04EC0-301F-11D3-BF4B-00C04F79EFBC}") = "API", "API\API.csproj", "{20051F71-8D21-461E-953E-AD4358F12BCE}"
EndProject
Global
	GlobalSection(SolutionConfigurationPlatforms) = preSolution
		Debug|Any CPU = Debug|Any CPU
		Release|Any CPU = Release|Any CPU
	EndGlobalSection
	GlobalSection(ProjectConfigurationPlatforms) = postSolution
		{20051F71-8D21-461E-953E-AD4358F12BCE}.Debug|Any CPU.ActiveCfg = Debug|Any CPU
		{20051F71-8D21-461E-953E-AD4358F12BCE}.Debug|Any CPU.Build.0 = Debug|Any CPU
		{20051F71-8D21-461E-953E-AD4358F12BCE}.Release|Any CPU.ActiveCfg = Release|Any CPU
		{20051F71-8D21-461E-953E-AD4358F12BCE}.Release|Any CPU.Build.0 = Release|Any CPU
	EndGlobalSection
	GlobalSection(SolutionProperties) = preSolution
		HideSolutionNode = FALSE
	EndGlobalSection
	GlobalSection(ExtensibilityGlobals) = postSolution
		SolutionGuid = {8A1D3086-8C48-4ECC-8380-6795A510BC0B}
	EndGlobalSection
EndGlobal
